
Microsoft Visual Studio Solution File, Format Version 12.00
# Visual Studio Version 17
VisualStudioVersion = 17.0.32112.339
MinimumVisualStudioVersion = 10.0.40219.1
Project("{9A19103F-16F7-4668-BE54-9A1E7A4F7556}") = "Data", "Data\Data.csproj", "{A2EF9A3C-79C0-4A48-A4EB-4F346EBBC29D}"
EndProject
Project("{9A19103F-16F7-4668-BE54-9A1E7A4F7556}") = "Services", "Services\Services.csproj", "{2154ACAF-3C71-4F02-BDEF-3C8302F45A58}"
EndProject
Project("{9A19103F-16F7-4668-BE54-9A1E7A4F7556}") = "Tests", "Tests\Tests.csproj", "{404B2DFB-DDD0-4592-87D3-510D8C2A4B76}"
EndProject
Project("{9A19103F-16F7-4668-BE54-9A1E7A4F7556}") = "NetGroupChallengeBlazor.Server", "NetGroupChallengeBlazor\Server\NetGroupChallengeBlazor.Server.csproj", "{D7DB6CC1-589E-43F0-AD9F-2FBC4492F8BD}"
EndProject
Project("{9A19103F-16F7-4668-BE54-9A1E7A4F7556}") = "NetGroupChallengeBlazor.Client", "NetGroupChallengeBlazor\Client\NetGroupChallengeBlazor.Client.csproj", "{28666DF6-E0F8-4E96-B421-8D0929A86A79}"
EndProject
Project("{9A19103F-16F7-4668-BE54-9A1E7A4F7556}") = "DTOModels", "DTOModels\DTOModels.csproj", "{069AD9CD-DF62-4436-B533-B3C7E0F69E28}"
EndProject
Project("{9A19103F-16F7-4668-BE54-9A1E7A4F7556}") = "Core", "Core\Core.csproj", "{F20E735D-E5B6-4E45-A177-A433570C52E1}"
EndProject
Project("{9A19103F-16F7-4668-BE54-9A1E7A4F7556}") = "CoreServices", "CoreServices\CoreServices.csproj", "{B0733976-8F25-4579-931C-482AE5D5D454}"
EndProject
Project("{9A19103F-16F7-4668-BE54-9A1E7A4F7556}") = "ClientServices", "ClientServices\ClientServices.csproj", "{6FDD6093-2ACF-4414-BB43-8E7E5E3260E6}"
EndProject
Global
	GlobalSection(SolutionConfigurationPlatforms) = preSolution
		Debug|Any CPU = Debug|Any CPU
		Release|Any CPU = Release|Any CPU
	EndGlobalSection
	GlobalSection(ProjectConfigurationPlatforms) = postSolution
		{A2EF9A3C-79C0-4A48-A4EB-4F346EBBC29D}.Debug|Any CPU.ActiveCfg = Debug|Any CPU
		{A2EF9A3C-79C0-4A48-A4EB-4F346EBBC29D}.Debug|Any CPU.Build.0 = Debug|Any CPU
		{A2EF9A3C-79C0-4A48-A4EB-4F346EBBC29D}.Release|Any CPU.ActiveCfg = Release|Any CPU
		{A2EF9A3C-79C0-4A48-A4EB-4F346EBBC29D}.Release|Any CPU.Build.0 = Release|Any CPU
		{2154ACAF-3C71-4F02-BDEF-3C8302F45A58}.Debug|Any CPU.ActiveCfg = Debug|Any CPU
		{2154ACAF-3C71-4F02-BDEF-3C8302F45A58}.Debug|Any CPU.Build.0 = Debug|Any CPU
		{2154ACAF-3C71-4F02-BDEF-3C8302F45A58}.Release|Any CPU.ActiveCfg = Release|Any CPU
		{2154ACAF-3C71-4F02-BDEF-3C8302F45A58}.Release|Any CPU.Build.0 = Release|Any CPU
		{404B2DFB-DDD0-4592-87D3-510D8C2A4B76}.Debug|Any CPU.ActiveCfg = Debug|Any CPU
		{404B2DFB-DDD0-4592-87D3-510D8C2A4B76}.Debug|Any CPU.Build.0 = Debug|Any CPU
		{404B2DFB-DDD0-4592-87D3-510D8C2A4B76}.Release|Any CPU.ActiveCfg = Release|Any CPU
		{404B2DFB-DDD0-4592-87D3-510D8C2A4B76}.Release|Any CPU.Build.0 = Release|Any CPU
		{D7DB6CC1-589E-43F0-AD9F-2FBC4492F8BD}.Debug|Any CPU.ActiveCfg = Debug|Any CPU
		{D7DB6CC1-589E-43F0-AD9F-2FBC4492F8BD}.Debug|Any CPU.Build.0 = Debug|Any CPU
		{D7DB6CC1-589E-43F0-AD9F-2FBC4492F8BD}.Release|Any CPU.ActiveCfg = Release|Any CPU
		{D7DB6CC1-589E-43F0-AD9F-2FBC4492F8BD}.Release|Any CPU.Build.0 = Release|Any CPU
		{28666DF6-E0F8-4E96-B421-8D0929A86A79}.Debug|Any CPU.ActiveCfg = Debug|Any CPU
		{28666DF6-E0F8-4E96-B421-8D0929A86A79}.Debug|Any CPU.Build.0 = Debug|Any CPU
		{28666DF6-E0F8-4E96-B421-8D0929A86A79}.Release|Any CPU.ActiveCfg = Release|Any CPU
		{28666DF6-E0F8-4E96-B421-8D0929A86A79}.Release|Any CPU.Build.0 = Release|Any CPU
		{069AD9CD-DF62-4436-B533-B3C7E0F69E28}.Debug|Any CPU.ActiveCfg = Debug|Any CPU
		{069AD9CD-DF62-4436-B533-B3C7E0F69E28}.Debug|Any CPU.Build.0 = Debug|Any CPU
		{069AD9CD-DF62-4436-B533-B3C7E0F69E28}.Release|Any CPU.ActiveCfg = Release|Any CPU
		{069AD9CD-DF62-4436-B533-B3C7E0F69E28}.Release|Any CPU.Build.0 = Release|Any CPU
		{F20E735D-E5B6-4E45-A177-A433570C52E1}.Debug|Any CPU.ActiveCfg = Debug|Any CPU
		{F20E735D-E5B6-4E45-A177-A433570C52E1}.Debug|Any CPU.Build.0 = Debug|Any CPU
		{F20E735D-E5B6-4E45-A177-A433570C52E1}.Release|Any CPU.ActiveCfg = Release|Any CPU
		{F20E735D-E5B6-4E45-A177-A433570C52E1}.Release|Any CPU.Build.0 = Release|Any CPU
		{B0733976-8F25-4579-931C-482AE5D5D454}.Debug|Any CPU.ActiveCfg = Debug|Any CPU
		{B0733976-8F25-4579-931C-482AE5D5D454}.Debug|Any CPU.Build.0 = Debug|Any CPU
		{B0733976-8F25-4579-931C-482AE5D5D454}.Release|Any CPU.ActiveCfg = Release|Any CPU
		{B0733976-8F25-4579-931C-482AE5D5D454}.Release|Any CPU.Build.0 = Release|Any CPU
		{6FDD6093-2ACF-4414-BB43-8E7E5E3260E6}.Debug|Any CPU.ActiveCfg = Debug|Any CPU
		{6FDD6093-2ACF-4414-BB43-8E7E5E3260E6}.Debug|Any CPU.Build.0 = Debug|Any CPU
		{6FDD6093-2ACF-4414-BB43-8E7E5E3260E6}.Release|Any CPU.ActiveCfg = Release|Any CPU
		{6FDD6093-2ACF-4414-BB43-8E7E5E3260E6}.Release|Any CPU.Build.0 = Release|Any CPU
	EndGlobalSection
	GlobalSection(SolutionProperties) = preSolution
		HideSolutionNode = FALSE
	EndGlobalSection
	GlobalSection(ExtensibilityGlobals) = postSolution
		SolutionGuid = {6170621D-F02D-44E8-8A9D-157725D21DC7}
	EndGlobalSection
EndGlobal
